
Microsoft Visual Studio Solution File, Format Version 12.00
# Visual Studio 2013
VisualStudioVersion = 12.0.21005.1
MinimumVisualStudioVersion = 10.0.40219.1
Project("{8BC9CEB8-8B4A-11D0-8D11-00A0C91BC942}") = "test_multi_dll", "test_multi_dll\test_multi_dll.vcxproj", "{B12702AD-ABFB-343A-A199-8E24837244A3}"
EndProject
Project("{8BC9CEB8-8B4A-11D0-8D11-00A0C91BC942}") = "dll1", "dll1\dll1.vcxproj", "{BEB20E2E-4C23-404A-A4E3-85525CE6D65A}"
EndProject
Project("{8BC9CEB8-8B4A-11D0-8D11-00A0C91BC942}") = "dll2", "dll2\dll2.vcxproj", "{8DFB0325-8C21-4C65-8638-829C8771B718}"
EndProject
Global
	GlobalSection(SolutionConfigurationPlatforms) = preSolution
		Debug|Win32 = Debug|Win32
		Release|Win32 = Release|Win32
	EndGlobalSection
	GlobalSection(ProjectConfigurationPlatforms) = postSolution
		{B12702AD-ABFB-343A-A199-8E24837244A3}.Debug|Win32.ActiveCfg = Debug|Win32
		{B12702AD-ABFB-343A-A199-8E24837244A3}.Debug|Win32.Build.0 = Debug|Win32
		{B12702AD-ABFB-343A-A199-8E24837244A3}.Release|Win32.ActiveCfg = Release|Win32
		{B12702AD-ABFB-343A-A199-8E24837244A3}.Release|Win32.Build.0 = Release|Win32
		{BEB20E2E-4C23-404A-A4E3-85525CE6D65A}.Debug|Win32.ActiveCfg = Debug|Win32
		{BEB20E2E-4C23-404A-A4E3-85525CE6D65A}.Debug|Win32.Build.0 = Debug|Win32
		{BEB20E2E-4C23-404A-A4E3-85525CE6D65A}.Release|Win32.ActiveCfg = Release|Win32
		{BEB20E2E-4C23-404A-A4E3-85525CE6D65A}.Release|Win32.Build.0 = Release|Win32
		{8DFB0325-8C21-4C65-8638-829C8771B718}.Debug|Win32.ActiveCfg = Debug|Win32
		{8DFB0325-8C21-4C65-8638-829C8771B718}.Debug|Win32.Build.0 = Debug|Win32
		{8DFB0325-8C21-4C65-8638-829C8771B718}.Release|Win32.ActiveCfg = Release|Win32
		{8DFB0325-8C21-4C65-8638-829C8771B718}.Release|Win32.Build.0 = Release|Win32
	EndGlobalSection
	GlobalSection(SolutionProperties) = preSolution
		HideSolutionNode = FALSE
	EndGlobalSection
EndGlobal
