
Microsoft Visual Studio Solution File, Format Version 11.00
# Visual Studio 2010
Project("{8BC9CEB8-8B4A-11D0-8D11-00A0C91BC942}") = "invokeMethod", "invokeMethod\invokeMethod.vcxproj", "{730966CA-23A9-4FE8-A746-B8D0CA025442}"
EndProject
Global
	GlobalSection(SolutionConfigurationPlatforms) = preSolution
		Debug|Win32 = Debug|Win32
		Release|Win32 = Release|Win32
	EndGlobalSection
	GlobalSection(ProjectConfigurationPlatforms) = postSolution
		{730966CA-23A9-4FE8-A746-B8D0CA025442}.Debug|Win32.ActiveCfg = Debug|Win32
		{730966CA-23A9-4FE8-A746-B8D0CA025442}.Debug|Win32.Build.0 = Debug|Win32
		{730966CA-23A9-4FE8-A746-B8D0CA025442}.Release|Win32.ActiveCfg = Release|Win32
		{730966CA-23A9-4FE8-A746-B8D0CA025442}.Release|Win32.Build.0 = Release|Win32
	EndGlobalSection
	GlobalSection(SolutionProperties) = preSolution
		HideSolutionNode = FALSE
	EndGlobalSection
EndGlobal
