
Microsoft Visual Studio Solution File, Format Version 11.00
# Visual Studio 2010
Project("{8BC9CEB8-8B4A-11D0-8D11-00A0C91BC942}") = "test_sqlite", "test_sqlite\test_sqlite.vcxproj", "{875F99D8-E8C8-4F62-9FB6-10CC1C6F32EB}"
EndProject
Global
	GlobalSection(SolutionConfigurationPlatforms) = preSolution
		Debug|Win32 = Debug|Win32
		Release|Win32 = Release|Win32
	EndGlobalSection
	GlobalSection(ProjectConfigurationPlatforms) = postSolution
		{875F99D8-E8C8-4F62-9FB6-10CC1C6F32EB}.Debug|Win32.ActiveCfg = Debug|Win32
		{875F99D8-E8C8-4F62-9FB6-10CC1C6F32EB}.Debug|Win32.Build.0 = Debug|Win32
		{875F99D8-E8C8-4F62-9FB6-10CC1C6F32EB}.Release|Win32.ActiveCfg = Release|Win32
		{875F99D8-E8C8-4F62-9FB6-10CC1C6F32EB}.Release|Win32.Build.0 = Release|Win32
	EndGlobalSection
	GlobalSection(SolutionProperties) = preSolution
		HideSolutionNode = FALSE
	EndGlobalSection
EndGlobal
